// !$*UTF8*$!
{
	archiveVersion = 1;
	classes = {
	};
	objectVersion = 46;
	objects = {

/* Begin PBXBuildFile section */
		C2BC59151D0F96C2002D39F9 /* main.m in Sources */ = {isa = PBXBuildFile; fileRef = C2BC59141D0F96C2002D39F9 /* main.m */; };
		C2BC59201D0F96C2002D39F9 /* Assets.xcassets in Resources */ = {isa = PBXBuildFile; fileRef = C2BC591F1D0F96C2002D39F9 /* Assets.xcassets */; };
		C2BC59231D0F96C2002D39F9 /* LaunchScreen.storyboard in Resources */ = {isa = PBXBuildFile; fileRef = C2BC59211D0F96C2002D39F9 /* LaunchScreen.storyboard */; };
		C2BC59331D0F988F002D39F9 /* AppDelegate.m in Sources */ = {isa = PBXBuildFile; fileRef = C2BC59321D0F988F002D39F9 /* AppDelegate.m */; };
		C2BC59461D0F9C6B002D39F9 /* LoginViewController.m in Sources */ = {isa = PBXBuildFile; fileRef = C2BC59441D0F9C6B002D39F9 /* LoginViewController.m */; };
		C2BC59471D0F9C6B002D39F9 /* LoginViewController.xib in Resources */ = {isa = PBXBuildFile; fileRef = C2BC59451D0F9C6B002D39F9 /* LoginViewController.xib */; };
/* End PBXBuildFile section */

/* Begin PBXFileReference section */
		C2BC59101D0F96C1002D39F9 /* Rob_date.app */ = {isa = PBXFileReference; explicitFileType = wrapper.application; includeInIndex = 0; path = Rob_date.app; sourceTree = BUILT_PRODUCTS_DIR; };
		C2BC59141D0F96C2002D39F9 /* main.m */ = {isa = PBXFileReference; lastKnownFileType = sourcecode.c.objc; path = main.m; sourceTree = "<group>"; };
		C2BC591F1D0F96C2002D39F9 /* Assets.xcassets */ = {isa = PBXFileReference; lastKnownFileType = folder.assetcatalog; path = Assets.xcassets; sourceTree = "<group>"; };
		C2BC59221D0F96C2002D39F9 /* Base */ = {isa = PBXFileReference; lastKnownFileType = file.storyboard; name = Base; path = Base.lproj/LaunchScreen.storyboard; sourceTree = "<group>"; };
		C2BC59241D0F96C2002D39F9 /* Info.plist */ = {isa = PBXFileReference; lastKnownFileType = text.plist.xml; path = Info.plist; sourceTree = "<group>"; };
		C2BC59311D0F988F002D39F9 /* AppDelegate.h */ = {isa = PBXFileReference; fileEncoding = 4; lastKnownFileType = sourcecode.c.h; path = AppDelegate.h; sourceTree = "<group>"; };
		C2BC59321D0F988F002D39F9 /* AppDelegate.m */ = {isa = PBXFileReference; fileEncoding = 4; lastKnownFileType = sourcecode.c.objc; path = AppDelegate.m; sourceTree = "<group>"; };
		C2BC59431D0F9C6B002D39F9 /* LoginViewController.h */ = {isa = PBXFileReference; fileEncoding = 4; lastKnownFileType = sourcecode.c.h; path = LoginViewController.h; sourceTree = "<group>"; };
		C2BC59441D0F9C6B002D39F9 /* LoginViewController.m */ = {isa = PBXFileReference; fileEncoding = 4; lastKnownFileType = sourcecode.c.objc; path = LoginViewController.m; sourceTree = "<group>"; };
		C2BC59451D0F9C6B002D39F9 /* LoginViewController.xib */ = {isa = PBXFileReference; fileEncoding = 4; lastKnownFileType = file.xib; path = LoginViewController.xib; sourceTree = "<group>"; };
/* End PBXFileReference section */

/* Begin PBXFrameworksBuildPhase section */
		C2BC590D1D0F96C1002D39F9 /* Frameworks */ = {
			isa = PBXFrameworksBuildPhase;
			buildActionMask = 2147483647;
			files = (
			);
			runOnlyForDeploymentPostprocessing = 0;
		};
/* End PBXFrameworksBuildPhase section */

/* Begin PBXGroup section */
		C2BC59071D0F96C1002D39F9 = {
			isa = PBXGroup;
			children = (
				C2BC59121D0F96C1002D39F9 /* Rob_date */,
				C2BC59111D0F96C1002D39F9 /* Products */,
			);
			sourceTree = "<group>";
		};
		C2BC59111D0F96C1002D39F9 /* Products */ = {
			isa = PBXGroup;
			children = (
				C2BC59101D0F96C1002D39F9 /* Rob_date.app */,
			);
			name = Products;
			sourceTree = "<group>";
		};
		C2BC59121D0F96C1002D39F9 /* Rob_date */ = {
			isa = PBXGroup;
			children = (
				C2BC592A1D0F97CF002D39F9 /* Classes */,
				C2BC591F1D0F96C2002D39F9 /* Assets.xcassets */,
				C2BC59211D0F96C2002D39F9 /* LaunchScreen.storyboard */,
				C2BC59241D0F96C2002D39F9 /* Info.plist */,
				C2BC59131D0F96C2002D39F9 /* Supporting Files */,
			);
			path = Rob_date;
			sourceTree = "<group>";
		};
		C2BC59131D0F96C2002D39F9 /* Supporting Files */ = {
			isa = PBXGroup;
			children = (
				C2BC59141D0F96C2002D39F9 /* main.m */,
			);
			name = "Supporting Files";
			sourceTree = "<group>";
		};
		C2BC592A1D0F97CF002D39F9 /* Classes */ = {
			isa = PBXGroup;
			children = (
				C2BC592B1D0F97CF002D39F9 /* AppleDelegate */,
				C2BC592C1D0F97CF002D39F9 /* General */,
				C2BC592D1D0F97CF002D39F9 /* Helpers */,
				C2BC592E1D0F97CF002D39F9 /* MAcros */,
				C2BC592F1D0F97CF002D39F9 /* Opensource */,
				C2BC59301D0F97CF002D39F9 /* Scenes */,
			);
			path = Classes;
			sourceTree = SOURCE_ROOT;
		};
		C2BC592B1D0F97CF002D39F9 /* AppleDelegate */ = {
			isa = PBXGroup;
			children = (
				C2BC59311D0F988F002D39F9 /* AppDelegate.h */,
				C2BC59321D0F988F002D39F9 /* AppDelegate.m */,
			);
			path = AppleDelegate;
			sourceTree = "<group>";
		};
		C2BC592C1D0F97CF002D39F9 /* General */ = {
			isa = PBXGroup;
			children = (
			);
			path = General;
			sourceTree = "<group>";
		};
		C2BC592D1D0F97CF002D39F9 /* Helpers */ = {
			isa = PBXGroup;
			children = (
			);
			path = Helpers;
			sourceTree = "<group>";
		};
		C2BC592E1D0F97CF002D39F9 /* MAcros */ = {
			isa = PBXGroup;
			children = (
			);
			path = MAcros;
			sourceTree = "<group>";
		};
		C2BC592F1D0F97CF002D39F9 /* Opensource */ = {
			isa = PBXGroup;
			children = (
			);
			path = Opensource;
			sourceTree = "<group>";
		};
		C2BC59301D0F97CF002D39F9 /* Scenes */ = {
			isa = PBXGroup;
			children = (
				C2BC59381D0F99C4002D39F9 /* Login */,
				C2BC593C1D0F99C4002D39F9 /* Register */,
				C2BC59341D0F99C4002D39F9 /* Forgot_password */,
			);
			path = Scenes;
			sourceTree = "<group>";
		};
		C2BC59341D0F99C4002D39F9 /* Forgot_password */ = {
			isa = PBXGroup;
			children = (
				C2BC59351D0F99C4002D39F9 /* Controller */,
				C2BC59361D0F99C4002D39F9 /* Model */,
				C2BC59371D0F99C4002D39F9 /* View */,
			);
			path = Forgot_password;
			sourceTree = "<group>";
		};
		C2BC59351D0F99C4002D39F9 /* Controller */ = {
			isa = PBXGroup;
			children = (
			);
			path = Controller;
			sourceTree = "<group>";
		};
		C2BC59361D0F99C4002D39F9 /* Model */ = {
			isa = PBXGroup;
			children = (
			);
			path = Model;
			sourceTree = "<group>";
		};
		C2BC59371D0F99C4002D39F9 /* View */ = {
			isa = PBXGroup;
			children = (
			);
			path = View;
			sourceTree = "<group>";
		};
		C2BC59381D0F99C4002D39F9 /* Login */ = {
			isa = PBXGroup;
			children = (
				C2BC59391D0F99C4002D39F9 /* Controller */,
				C2BC593A1D0F99C4002D39F9 /* Model */,
				C2BC593B1D0F99C4002D39F9 /* View */,
			);
			path = Login;
			sourceTree = "<group>";
		};
		C2BC59391D0F99C4002D39F9 /* Controller */ = {
			isa = PBXGroup;
			children = (
				C2BC59431D0F9C6B002D39F9 /* LoginViewController.h */,
				C2BC59441D0F9C6B002D39F9 /* LoginViewController.m */,
				C2BC59451D0F9C6B002D39F9 /* LoginViewController.xib */,
			);
			path = Controller;
			sourceTree = "<group>";
		};
		C2BC593A1D0F99C4002D39F9 /* Model */ = {
			isa = PBXGroup;
			children = (
			);
			path = Model;
			sourceTree = "<group>";
		};
		C2BC593B1D0F99C4002D39F9 /* View */ = {
			isa = PBXGroup;
			children = (
			);
			path = View;
			sourceTree = "<group>";
		};
		C2BC593C1D0F99C4002D39F9 /* Register */ = {
			isa = PBXGroup;
			children = (
				C2BC593D1D0F99C4002D39F9 /* Controller */,
				C2BC593E1D0F99C4002D39F9 /* Model */,
				C2BC593F1D0F99C4002D39F9 /* View */,
			);
			path = Register;
			sourceTree = "<group>";
		};
		C2BC593D1D0F99C4002D39F9 /* Controller */ = {
			isa = PBXGroup;
			children = (
			);
			path = Controller;
			sourceTree = "<group>";
		};
		C2BC593E1D0F99C4002D39F9 /* Model */ = {
			isa = PBXGroup;
			children = (
			);
			path = Model;
			sourceTree = "<group>";
		};
		C2BC593F1D0F99C4002D39F9 /* View */ = {
			isa = PBXGroup;
			children = (
			);
			path = View;
			sourceTree = "<group>";
		};
/* End PBXGroup section */

/* Begin PBXNativeTarget section */
		C2BC590F1D0F96C1002D39F9 /* Rob_date */ = {
			isa = PBXNativeTarget;
			buildConfigurationList = C2BC59271D0F96C2002D39F9 /* Build configuration list for PBXNativeTarget "Rob_date" */;
			buildPhases = (
				C2BC590C1D0F96C1002D39F9 /* Sources */,
				C2BC590D1D0F96C1002D39F9 /* Frameworks */,
				C2BC590E1D0F96C1002D39F9 /* Resources */,
			);
			buildRules = (
			);
			dependencies = (
			);
			name = Rob_date;
			productName = Rob_date;
			productReference = C2BC59101D0F96C1002D39F9 /* Rob_date.app */;
			productType = "com.apple.product-type.application";
		};
/* End PBXNativeTarget section */

/* Begin PBXProject section */
		C2BC59081D0F96C1002D39F9 /* Project object */ = {
			isa = PBXProject;
			attributes = {
				LastUpgradeCheck = 0730;
				ORGANIZATIONNAME = Rob_Ghost;
				TargetAttributes = {
					C2BC590F1D0F96C1002D39F9 = {
						CreatedOnToolsVersion = 7.3;
					};
				};
			};
			buildConfigurationList = C2BC590B1D0F96C1002D39F9 /* Build configuration list for PBXProject "Rob_date" */;
			compatibilityVersion = "Xcode 3.2";
			developmentRegion = English;
			hasScannedForEncodings = 0;
			knownRegions = (
				en,
				Base,
			);
			mainGroup = C2BC59071D0F96C1002D39F9;
			productRefGroup = C2BC59111D0F96C1002D39F9 /* Products */;
			projectDirPath = "";
			projectRoot = "";
			targets = (
				C2BC590F1D0F96C1002D39F9 /* Rob_date */,
			);
		};
/* End PBXProject section */

/* Begin PBXResourcesBuildPhase section */
		C2BC590E1D0F96C1002D39F9 /* Resources */ = {
			isa = PBXResourcesBuildPhase;
			buildActionMask = 2147483647;
			files = (
				C2BC59231D0F96C2002D39F9 /* LaunchScreen.storyboard in Resources */,
				C2BC59201D0F96C2002D39F9 /* Assets.xcassets in Resources */,
				C2BC59471D0F9C6B002D39F9 /* LoginViewController.xib in Resources */,
			);
			runOnlyForDeploymentPostprocessing = 0;
		};
/* End PBXResourcesBuildPhase section */

/* Begin PBXSourcesBuildPhase section */
		C2BC590C1D0F96C1002D39F9 /* Sources */ = {
			isa = PBXSourcesBuildPhase;
			buildActionMask = 2147483647;
			files = (
				C2BC59331D0F988F002D39F9 /* AppDelegate.m in Sources */,
				C2BC59151D0F96C2002D39F9 /* main.m in Sources */,
				C2BC59461D0F9C6B002D39F9 /* LoginViewController.m in Sources */,
			);
			runOnlyForDeploymentPostprocessing = 0;
		};
/* End PBXSourcesBuildPhase section */

/* Begin PBXVariantGroup section */
		C2BC59211D0F96C2002D39F9 /* LaunchScreen.storyboard */ = {
			isa = PBXVariantGroup;
			children = (
				C2BC59221D0F96C2002D39F9 /* Base */,
			);
			name = LaunchScreen.storyboard;
			sourceTree = "<group>";
		};
/* End PBXVariantGroup section */

/* Begin XCBuildConfiguration section */
		C2BC59251D0F96C2002D39F9 /* Debug */ = {
			isa = XCBuildConfiguration;
			buildSettings = {
				ALWAYS_SEARCH_USER_PATHS = NO;
				CLANG_ANALYZER_NONNULL = YES;
				CLANG_CXX_LANGUAGE_STANDARD = "gnu++0x";
				CLANG_CXX_LIBRARY = "libc++";
				CLANG_ENABLE_MODULES = YES;
				CLANG_ENABLE_OBJC_ARC = YES;
				CLANG_WARN_BOOL_CONVERSION = YES;
				CLANG_WARN_CONSTANT_CONVERSION = YES;
				CLANG_WARN_DIRECT_OBJC_ISA_USAGE = YES_ERROR;
				CLANG_WARN_EMPTY_BODY = YES;
				CLANG_WARN_ENUM_CONVERSION = YES;
				CLANG_WARN_INT_CONVERSION = YES;
				CLANG_WARN_OBJC_ROOT_CLASS = YES_ERROR;
				CLANG_WARN_UNREACHABLE_CODE = YES;
				CLANG_WARN__DUPLICATE_METHOD_MATCH = YES;
				"CODE_SIGN_IDENTITY[sdk=iphoneos*]" = "iPhone Developer";
				COPY_PHASE_STRIP = NO;
				DEBUG_INFORMATION_FORMAT = dwarf;
				ENABLE_STRICT_OBJC_MSGSEND = YES;
				ENABLE_TESTABILITY = YES;
				GCC_C_LANGUAGE_STANDARD = gnu99;
				GCC_DYNAMIC_NO_PIC = NO;
				GCC_NO_COMMON_BLOCKS = YES;
				GCC_OPTIMIZATION_LEVEL = 0;
				GCC_PREPROCESSOR_DEFINITIONS = (
					"DEBUG=1",
					"$(inherited)",
				);
				GCC_WARN_64_TO_32_BIT_CONVERSION = YES;
				GCC_WARN_ABOUT_RETURN_TYPE = YES_ERROR;
				GCC_WARN_UNDECLARED_SELECTOR = YES;
				GCC_WARN_UNINITIALIZED_AUTOS = YES_AGGRESSIVE;
				GCC_WARN_UNUSED_FUNCTION = YES;
				GCC_WARN_UNUSED_VARIABLE = YES;
				IPHONEOS_DEPLOYMENT_TARGET = 9.3;
				MTL_ENABLE_DEBUG_INFO = YES;
				ONLY_ACTIVE_ARCH = YES;
				SDKROOT = iphoneos;
				TARGETED_DEVICE_FAMILY = "1,2";
			};
			name = Debug;
		};
		C2BC59261D0F96C2002D39F9 /* Release */ = {
			isa = XCBuildConfiguration;
			buildSettings = {
				ALWAYS_SEARCH_USER_PATHS = NO;
				CLANG_ANALYZER_NONNULL = YES;
				CLANG_CXX_LANGUAGE_STANDARD = "gnu++0x";
				CLANG_CXX_LIBRARY = "libc++";
				CLANG_ENABLE_MODULES = YES;
				CLANG_ENABLE_OBJC_ARC = YES;
				CLANG_WARN_BOOL_CONVERSION = YES;
				CLANG_WARN_CONSTANT_CONVERSION = YES;
				CLANG_WARN_DIRECT_OBJC_ISA_USAGE = YES_ERROR;
				CLANG_WARN_EMPTY_BODY = YES;
				CLANG_WARN_ENUM_CONVERSION = YES;
				CLANG_WARN_INT_CONVERSION = YES;
				CLANG_WARN_OBJC_ROOT_CLASS = YES_ERROR;
				CLANG_WARN_UNREACHABLE_CODE = YES;
				CLANG_WARN__DUPLICATE_METHOD_MATCH = YES;
				"CODE_SIGN_IDENTITY[sdk=iphoneos*]" = "iPhone Developer";
				COPY_PHASE_STRIP = NO;
				DEBUG_INFORMATION_FORMAT = "dwarf-with-dsym";
				ENABLE_NS_ASSERTIONS = NO;
				ENABLE_STRICT_OBJC_MSGSEND = YES;
				GCC_C_LANGUAGE_STANDARD = gnu99;
				GCC_NO_COMMON_BLOCKS = YES;
				GCC_WARN_64_TO_32_BIT_CONVERSION = YES;
				GCC_WARN_ABOUT_RETURN_TYPE = YES_ERROR;
				GCC_WARN_UNDECLARED_SELECTOR = YES;
				GCC_WARN_UNINITIALIZED_AUTOS = YES_AGGRESSIVE;
				GCC_WARN_UNUSED_FUNCTION = YES;
				GCC_WARN_UNUSED_VARIABLE = YES;
				IPHONEOS_DEPLOYMENT_TARGET = 9.3;
				MTL_ENABLE_DEBUG_INFO = NO;
				SDKROOT = iphoneos;
				TARGETED_DEVICE_FAMILY = "1,2";
				VALIDATE_PRODUCT = YES;
			};
			name = Release;
		};
		C2BC59281D0F96C2002D39F9 /* Debug */ = {
			isa = XCBuildConfiguration;
			buildSettings = {
				ASSETCATALOG_COMPILER_APPICON_NAME = AppIcon;
				INFOPLIST_FILE = Rob_date/Info.plist;
				LD_RUNPATH_SEARCH_PATHS = "$(inherited) @executable_path/Frameworks";
				PRODUCT_BUNDLE_IDENTIFIER = "Spectre.com.Rob-date";
				PRODUCT_NAME = "$(TARGET_NAME)";
			};
			name = Debug;
		};
		C2BC59291D0F96C2002D39F9 /* Release */ = {
			isa = XCBuildConfiguration;
			buildSettings = {
				ASSETCATALOG_COMPILER_APPICON_NAME = AppIcon;
				INFOPLIST_FILE = Rob_date/Info.plist;
				LD_RUNPATH_SEARCH_PATHS = "$(inherited) @executable_path/Frameworks";
				PRODUCT_BUNDLE_IDENTIFIER = "Spectre.com.Rob-date";
				PRODUCT_NAME = "$(TARGET_NAME)";
			};
			name = Release;
		};
/* End XCBuildConfiguration section */

/* Begin XCConfigurationList section */
		C2BC590B1D0F96C1002D39F9 /* Build configuration list for PBXProject "Rob_date" */ = {
			isa = XCConfigurationList;
			buildConfigurations = (
				C2BC59251D0F96C2002D39F9 /* Debug */,
				C2BC59261D0F96C2002D39F9 /* Release */,
			);
			defaultConfigurationIsVisible = 0;
			defaultConfigurationName = Release;
		};
		C2BC59271D0F96C2002D39F9 /* Build configuration list for PBXNativeTarget "Rob_date" */ = {
			isa = XCConfigurationList;
			buildConfigurations = (
				C2BC59281D0F96C2002D39F9 /* Debug */,
				C2BC59291D0F96C2002D39F9 /* Release */,
			);
			defaultConfigurationIsVisible = 0;
		};
/* End XCConfigurationList section */
	};
	rootObject = C2BC59081D0F96C1002D39F9 /* Project object */;
}
